// !$*UTF8*$!
{
	archiveVersion = 1;
	classes = {
	};
	objectVersion = 56;
	objects = {

/* Begin PBXBuildFile section */
		886BC3AB2B1E724600E95FBB /* QuotableAppApp.swift in Sources */ = {isa = PBXBuildFile; fileRef = 886BC3AA2B1E724600E95FBB /* QuotableAppApp.swift */; };
		886BC3AD2B1E724600E95FBB /* ContentView.swift in Sources */ = {isa = PBXBuildFile; fileRef = 886BC3AC2B1E724600E95FBB /* ContentView.swift */; };
		886BC3AF2B1E724800E95FBB /* Assets.xcassets in Resources */ = {isa = PBXBuildFile; fileRef = 886BC3AE2B1E724800E95FBB /* Assets.xcassets */; };
		886BC3B22B1E724800E95FBB /* Preview Assets.xcassets in Resources */ = {isa = PBXBuildFile; fileRef = 886BC3B12B1E724800E95FBB /* Preview Assets.xcassets */; };
		886BC3BC2B1E724800E95FBB /* QuotableAppTests.swift in Sources */ = {isa = PBXBuildFile; fileRef = 886BC3BB2B1E724800E95FBB /* QuotableAppTests.swift */; };
		886BC3C62B1E724800E95FBB /* QuotableAppUITests.swift in Sources */ = {isa = PBXBuildFile; fileRef = 886BC3C52B1E724800E95FBB /* QuotableAppUITests.swift */; };
		886BC3C82B1E724800E95FBB /* QuotableAppUITestsLaunchTests.swift in Sources */ = {isa = PBXBuildFile; fileRef = 886BC3C72B1E724800E95FBB /* QuotableAppUITestsLaunchTests.swift */; };
		886BC3D52B1E77B200E95FBB /* QuoteModel.swift in Sources */ = {isa = PBXBuildFile; fileRef = 886BC3D42B1E77B200E95FBB /* QuoteModel.swift */; };
		88DD046D2B1E8287000CC257 /* Alamofire in Frameworks */ = {isa = PBXBuildFile; productRef = 88DD046C2B1E8287000CC257 /* Alamofire */; };
/* End PBXBuildFile section */

/* Begin PBXContainerItemProxy section */
		886BC3B82B1E724800E95FBB /* PBXContainerItemProxy */ = {
			isa = PBXContainerItemProxy;
			containerPortal = 886BC39F2B1E724600E95FBB /* Project object */;
			proxyType = 1;
			remoteGlobalIDString = 886BC3A62B1E724600E95FBB;
			remoteInfo = QuotableApp;
		};
		886BC3C22B1E724800E95FBB /* PBXContainerItemProxy */ = {
			isa = PBXContainerItemProxy;
			containerPortal = 886BC39F2B1E724600E95FBB /* Project object */;
			proxyType = 1;
			remoteGlobalIDString = 886BC3A62B1E724600E95FBB;
			remoteInfo = QuotableApp;
		};
/* End PBXContainerItemProxy section */

/* Begin PBXFileReference section */
		886BC3A72B1E724600E95FBB /* QuotableApp.app */ = {isa = PBXFileReference; explicitFileType = wrapper.application; includeInIndex = 0; path = QuotableApp.app; sourceTree = BUILT_PRODUCTS_DIR; };
		886BC3AA2B1E724600E95FBB /* QuotableAppApp.swift */ = {isa = PBXFileReference; lastKnownFileType = sourcecode.swift; path = QuotableAppApp.swift; sourceTree = "<group>"; };
		886BC3AC2B1E724600E95FBB /* ContentView.swift */ = {isa = PBXFileReference; lastKnownFileType = sourcecode.swift; path = ContentView.swift; sourceTree = "<group>"; };
		886BC3AE2B1E724800E95FBB /* Assets.xcassets */ = {isa = PBXFileReference; lastKnownFileType = folder.assetcatalog; path = Assets.xcassets; sourceTree = "<group>"; };
		886BC3B12B1E724800E95FBB /* Preview Assets.xcassets */ = {isa = PBXFileReference; lastKnownFileType = folder.assetcatalog; path = "Preview Assets.xcassets"; sourceTree = "<group>"; };
		886BC3B72B1E724800E95FBB /* QuotableAppTests.xctest */ = {isa = PBXFileReference; explicitFileType = wrapper.cfbundle; includeInIndex = 0; path = QuotableAppTests.xctest; sourceTree = BUILT_PRODUCTS_DIR; };
		886BC3BB2B1E724800E95FBB /* QuotableAppTests.swift */ = {isa = PBXFileReference; lastKnownFileType = sourcecode.swift; path = QuotableAppTests.swift; sourceTree = "<group>"; };
		886BC3C12B1E724800E95FBB /* QuotableAppUITests.xctest */ = {isa = PBXFileReference; explicitFileType = wrapper.cfbundle; includeInIndex = 0; path = QuotableAppUITests.xctest; sourceTree = BUILT_PRODUCTS_DIR; };
		886BC3C52B1E724800E95FBB /* QuotableAppUITests.swift */ = {isa = PBXFileReference; lastKnownFileType = sourcecode.swift; path = QuotableAppUITests.swift; sourceTree = "<group>"; };
		886BC3C72B1E724800E95FBB /* QuotableAppUITestsLaunchTests.swift */ = {isa = PBXFileReference; lastKnownFileType = sourcecode.swift; path = QuotableAppUITestsLaunchTests.swift; sourceTree = "<group>"; };
		886BC3D42B1E77B200E95FBB /* QuoteModel.swift */ = {isa = PBXFileReference; lastKnownFileType = sourcecode.swift; path = QuoteModel.swift; sourceTree = "<group>"; };
/* End PBXFileReference section */

/* Begin PBXFrameworksBuildPhase section */
		886BC3A42B1E724600E95FBB /* Frameworks */ = {
			isa = PBXFrameworksBuildPhase;
			buildActionMask = 2147483647;
			files = (
				88DD046D2B1E8287000CC257 /* Alamofire in Frameworks */,
			);
			runOnlyForDeploymentPostprocessing = 0;
		};
		886BC3B42B1E724800E95FBB /* Frameworks */ = {
			isa = PBXFrameworksBuildPhase;
			buildActionMask = 2147483647;
			files = (
			);
			runOnlyForDeploymentPostprocessing = 0;
		};
		886BC3BE2B1E724800E95FBB /* Frameworks */ = {
			isa = PBXFrameworksBuildPhase;
			buildActionMask = 2147483647;
			files = (
			);
			runOnlyForDeploymentPostprocessing = 0;
		};
/* End PBXFrameworksBuildPhase section */

/* Begin PBXGroup section */
		886BC39E2B1E724600E95FBB = {
			isa = PBXGroup;
			children = (
				886BC3A92B1E724600E95FBB /* QuotableApp */,
				886BC3BA2B1E724800E95FBB /* QuotableAppTests */,
				886BC3C42B1E724800E95FBB /* QuotableAppUITests */,
				886BC3A82B1E724600E95FBB /* Products */,
			);
			sourceTree = "<group>";
		};
		886BC3A82B1E724600E95FBB /* Products */ = {
			isa = PBXGroup;
			children = (
				886BC3A72B1E724600E95FBB /* QuotableApp.app */,
				886BC3B72B1E724800E95FBB /* QuotableAppTests.xctest */,
				886BC3C12B1E724800E95FBB /* QuotableAppUITests.xctest */,
			);
			name = Products;
			sourceTree = "<group>";
		};
		886BC3A92B1E724600E95FBB /* QuotableApp */ = {
			isa = PBXGroup;
			children = (
				886BC3AA2B1E724600E95FBB /* QuotableAppApp.swift */,
				886BC3AC2B1E724600E95FBB /* ContentView.swift */,
				886BC3D42B1E77B200E95FBB /* QuoteModel.swift */,
				886BC3AE2B1E724800E95FBB /* Assets.xcassets */,
				886BC3B02B1E724800E95FBB /* Preview Content */,
			);
			path = QuotableApp;
			sourceTree = "<group>";
		};
		886BC3B02B1E724800E95FBB /* Preview Content */ = {
			isa = PBXGroup;
			children = (
				886BC3B12B1E724800E95FBB /* Preview Assets.xcassets */,
			);
			path = "Preview Content";
			sourceTree = "<group>";
		};
		886BC3BA2B1E724800E95FBB /* QuotableAppTests */ = {
			isa = PBXGroup;
			children = (
				886BC3BB2B1E724800E95FBB /* QuotableAppTests.swift */,
			);
			path = QuotableAppTests;
			sourceTree = "<group>";
		};
		886BC3C42B1E724800E95FBB /* QuotableAppUITests */ = {
			isa = PBXGroup;
			children = (
				886BC3C52B1E724800E95FBB /* QuotableAppUITests.swift */,
				886BC3C72B1E724800E95FBB /* QuotableAppUITestsLaunchTests.swift */,
			);
			path = QuotableAppUITests;
			sourceTree = "<group>";
		};
/* End PBXGroup section */

/* Begin PBXNativeTarget section */
		886BC3A62B1E724600E95FBB /* QuotableApp */ = {
			isa = PBXNativeTarget;
			buildConfigurationList = 886BC3CB2B1E724800E95FBB /* Build configuration list for PBXNativeTarget "QuotableApp" */;
			buildPhases = (
				886BC3A32B1E724600E95FBB /* Sources */,
				886BC3A42B1E724600E95FBB /* Frameworks */,
				886BC3A52B1E724600E95FBB /* Resources */,
			);
			buildRules = (
			);
			dependencies = (
			);
			name = QuotableApp;
			packageProductDependencies = (
				88DD046C2B1E8287000CC257 /* Alamofire */,
			);
			productName = QuotableApp;
			productReference = 886BC3A72B1E724600E95FBB /* QuotableApp.app */;
			productType = "com.apple.product-type.application";
		};
		886BC3B62B1E724800E95FBB /* QuotableAppTests */ = {
			isa = PBXNativeTarget;
			buildConfigurationList = 886BC3CE2B1E724800E95FBB /* Build configuration list for PBXNativeTarget "QuotableAppTests" */;
			buildPhases = (
				886BC3B32B1E724800E95FBB /* Sources */,
				886BC3B42B1E724800E95FBB /* Frameworks */,
				886BC3B52B1E724800E95FBB /* Resources */,
			);
			buildRules = (
			);
			dependencies = (
				886BC3B92B1E724800E95FBB /* PBXTargetDependency */,
			);
			name = QuotableAppTests;
			productName = QuotableAppTests;
			productReference = 886BC3B72B1E724800E95FBB /* QuotableAppTests.xctest */;
			productType = "com.apple.product-type.bundle.unit-test";
		};
		886BC3C02B1E724800E95FBB /* QuotableAppUITests */ = {
			isa = PBXNativeTarget;
			buildConfigurationList = 886BC3D12B1E724800E95FBB /* Build configuration list for PBXNativeTarget "QuotableAppUITests" */;
			buildPhases = (
				886BC3BD2B1E724800E95FBB /* Sources */,
				886BC3BE2B1E724800E95FBB /* Frameworks */,
				886BC3BF2B1E724800E95FBB /* Resources */,
			);
			buildRules = (
			);
			dependencies = (
				886BC3C32B1E724800E95FBB /* PBXTargetDependency */,
			);
			name = QuotableAppUITests;
			productName = QuotableAppUITests;
			productReference = 886BC3C12B1E724800E95FBB /* QuotableAppUITests.xctest */;
			productType = "com.apple.product-type.bundle.ui-testing";
		};
/* End PBXNativeTarget section */

/* Begin PBXProject section */
		886BC39F2B1E724600E95FBB /* Project object */ = {
			isa = PBXProject;
			attributes = {
				BuildIndependentTargetsInParallel = 1;
				LastSwiftUpdateCheck = 1500;
				LastUpgradeCheck = 1500;
				TargetAttributes = {
					886BC3A62B1E724600E95FBB = {
						CreatedOnToolsVersion = 15.0.1;
					};
					886BC3B62B1E724800E95FBB = {
						CreatedOnToolsVersion = 15.0.1;
						TestTargetID = 886BC3A62B1E724600E95FBB;
					};
					886BC3C02B1E724800E95FBB = {
						CreatedOnToolsVersion = 15.0.1;
						TestTargetID = 886BC3A62B1E724600E95FBB;
					};
				};
			};
			buildConfigurationList = 886BC3A22B1E724600E95FBB /* Build configuration list for PBXProject "QuotableApp" */;
			compatibilityVersion = "Xcode 14.0";
			developmentRegion = en;
			hasScannedForEncodings = 0;
			knownRegions = (
				en,
				Base,
			);
			mainGroup = 886BC39E2B1E724600E95FBB;
			packageReferences = (
				88DD046B2B1E8287000CC257 /* XCRemoteSwiftPackageReference "Alamofire" */,
			);
			productRefGroup = 886BC3A82B1E724600E95FBB /* Products */;
			projectDirPath = "";
			projectRoot = "";
			targets = (
				886BC3A62B1E724600E95FBB /* QuotableApp */,
				886BC3B62B1E724800E95FBB /* QuotableAppTests */,
				886BC3C02B1E724800E95FBB /* QuotableAppUITests */,
			);
		};
/* End PBXProject section */

/* Begin PBXResourcesBuildPhase section */
		886BC3A52B1E724600E95FBB /* Resources */ = {
			isa = PBXResourcesBuildPhase;
			buildActionMask = 2147483647;
			files = (
				886BC3B22B1E724800E95FBB /* Preview Assets.xcassets in Resources */,
				886BC3AF2B1E724800E95FBB /* Assets.xcassets in Resources */,
			);
			runOnlyForDeploymentPostprocessing = 0;
		};
		886BC3B52B1E724800E95FBB /* Resources */ = {
			isa = PBXResourcesBuildPhase;
			buildActionMask = 2147483647;
			files = (
			);
			runOnlyForDeploymentPostprocessing = 0;
		};
		886BC3BF2B1E724800E95FBB /* Resources */ = {
			isa = PBXResourcesBuildPhase;
			buildActionMask = 2147483647;
			files = (
			);
			runOnlyForDeploymentPostprocessing = 0;
		};
/* End PBXResourcesBuildPhase section */

/* Begin PBXSourcesBuildPhase section */
		886BC3A32B1E724600E95FBB /* Sources */ = {
			isa = PBXSourcesBuildPhase;
			buildActionMask = 2147483647;
			files = (
				886BC3D52B1E77B200E95FBB /* QuoteModel.swift in Sources */,
				886BC3AD2B1E724600E95FBB /* ContentView.swift in Sources */,
				886BC3AB2B1E724600E95FBB /* QuotableAppApp.swift in Sources */,
			);
			runOnlyForDeploymentPostprocessing = 0;
		};
		886BC3B32B1E724800E95FBB /* Sources */ = {
			isa = PBXSourcesBuildPhase;
			buildActionMask = 2147483647;
			files = (
				886BC3BC2B1E724800E95FBB /* QuotableAppTests.swift in Sources */,
			);
			runOnlyForDeploymentPostprocessing = 0;
		};
		886BC3BD2B1E724800E95FBB /* Sources */ = {
			isa = PBXSourcesBuildPhase;
			buildActionMask = 2147483647;
			files = (
				886BC3C62B1E724800E95FBB /* QuotableAppUITests.swift in Sources */,
				886BC3C82B1E724800E95FBB /* QuotableAppUITestsLaunchTests.swift in Sources */,
			);
			runOnlyForDeploymentPostprocessing = 0;
		};
/* End PBXSourcesBuildPhase section */

/* Begin PBXTargetDependency section */
		886BC3B92B1E724800E95FBB /* PBXTargetDependency */ = {
			isa = PBXTargetDependency;
			target = 886BC3A62B1E724600E95FBB /* QuotableApp */;
			targetProxy = 886BC3B82B1E724800E95FBB /* PBXContainerItemProxy */;
		};
		886BC3C32B1E724800E95FBB /* PBXTargetDependency */ = {
			isa = PBXTargetDependency;
			target = 886BC3A62B1E724600E95FBB /* QuotableApp */;
			targetProxy = 886BC3C22B1E724800E95FBB /* PBXContainerItemProxy */;
		};
/* End PBXTargetDependency section */

/* Begin XCBuildConfiguration section */
		886BC3C92B1E724800E95FBB /* Debug */ = {
			isa = XCBuildConfiguration;
			buildSettings = {
				ALWAYS_SEARCH_USER_PATHS = NO;
				ASSETCATALOG_COMPILER_GENERATE_SWIFT_ASSET_SYMBOL_EXTENSIONS = YES;
				CLANG_ANALYZER_NONNULL = YES;
				CLANG_ANALYZER_NUMBER_OBJECT_CONVERSION = YES_AGGRESSIVE;
				CLANG_CXX_LANGUAGE_STANDARD = "gnu++20";
				CLANG_ENABLE_MODULES = YES;
				CLANG_ENABLE_OBJC_ARC = YES;
				CLANG_ENABLE_OBJC_WEAK = YES;
				CLANG_WARN_BLOCK_CAPTURE_AUTORELEASING = YES;
				CLANG_WARN_BOOL_CONVERSION = YES;
				CLANG_WARN_COMMA = YES;
				CLANG_WARN_CONSTANT_CONVERSION = YES;
				CLANG_WARN_DEPRECATED_OBJC_IMPLEMENTATIONS = YES;
				CLANG_WARN_DIRECT_OBJC_ISA_USAGE = YES_ERROR;
				CLANG_WARN_DOCUMENTATION_COMMENTS = YES;
				CLANG_WARN_EMPTY_BODY = YES;
				CLANG_WARN_ENUM_CONVERSION = YES;
				CLANG_WARN_INFINITE_RECURSION = YES;
				CLANG_WARN_INT_CONVERSION = YES;
				CLANG_WARN_NON_LITERAL_NULL_CONVERSION = YES;
				CLANG_WARN_OBJC_IMPLICIT_RETAIN_SELF = YES;
				CLANG_WARN_OBJC_LITERAL_CONVERSION = YES;
				CLANG_WARN_OBJC_ROOT_CLASS = YES_ERROR;
				CLANG_WARN_QUOTED_INCLUDE_IN_FRAMEWORK_HEADER = YES;
				CLANG_WARN_RANGE_LOOP_ANALYSIS = YES;
				CLANG_WARN_STRICT_PROTOTYPES = YES;
				CLANG_WARN_SUSPICIOUS_MOVE = YES;
				CLANG_WARN_UNGUARDED_AVAILABILITY = YES_AGGRESSIVE;
				CLANG_WARN_UNREACHABLE_CODE = YES;
				CLANG_WARN__DUPLICATE_METHOD_MATCH = YES;
				COPY_PHASE_STRIP = NO;
				DEBUG_INFORMATION_FORMAT = dwarf;
				ENABLE_STRICT_OBJC_MSGSEND = YES;
				ENABLE_TESTABILITY = YES;
				ENABLE_USER_SCRIPT_SANDBOXING = YES;
				GCC_C_LANGUAGE_STANDARD = gnu17;
				GCC_DYNAMIC_NO_PIC = NO;
				GCC_NO_COMMON_BLOCKS = YES;
				GCC_OPTIMIZATION_LEVEL = 0;
				GCC_PREPROCESSOR_DEFINITIONS = (
					"DEBUG=1",
					"$(inherited)",
				);
				GCC_WARN_64_TO_32_BIT_CONVERSION = YES;
				GCC_WARN_ABOUT_RETURN_TYPE = YES_ERROR;
				GCC_WARN_UNDECLARED_SELECTOR = YES;
				GCC_WARN_UNINITIALIZED_AUTOS = YES_AGGRESSIVE;
				GCC_WARN_UNUSED_FUNCTION = YES;
				GCC_WARN_UNUSED_VARIABLE = YES;
				IPHONEOS_DEPLOYMENT_TARGET = 17.0;
				LOCALIZATION_PREFERS_STRING_CATALOGS = YES;
				MTL_ENABLE_DEBUG_INFO = INCLUDE_SOURCE;
				MTL_FAST_MATH = YES;
				ONLY_ACTIVE_ARCH = YES;
				SDKROOT = iphoneos;
				SWIFT_ACTIVE_COMPILATION_CONDITIONS = "DEBUG $(inherited)";
				SWIFT_OPTIMIZATION_LEVEL = "-Onone";
			};
			name = Debug;
		};
		886BC3CA2B1E724800E95FBB /* Release */ = {
			isa = XCBuildConfiguration;
			buildSettings = {
				ALWAYS_SEARCH_USER_PATHS = NO;
				ASSETCATALOG_COMPILER_GENERATE_SWIFT_ASSET_SYMBOL_EXTENSIONS = YES;
				CLANG_ANALYZER_NONNULL = YES;
				CLANG_ANALYZER_NUMBER_OBJECT_CONVERSION = YES_AGGRESSIVE;
				CLANG_CXX_LANGUAGE_STANDARD = "gnu++20";
				CLANG_ENABLE_MODULES = YES;
				CLANG_ENABLE_OBJC_ARC = YES;
				CLANG_ENABLE_OBJC_WEAK = YES;
				CLANG_WARN_BLOCK_CAPTURE_AUTORELEASING = YES;
				CLANG_WARN_BOOL_CONVERSION = YES;
				CLANG_WARN_COMMA = YES;
				CLANG_WARN_CONSTANT_CONVERSION = YES;
				CLANG_WARN_DEPRECATED_OBJC_IMPLEMENTATIONS = YES;
				CLANG_WARN_DIRECT_OBJC_ISA_USAGE = YES_ERROR;
				CLANG_WARN_DOCUMENTATION_COMMENTS = YES;
				CLANG_WARN_EMPTY_BODY = YES;
				CLANG_WARN_ENUM_CONVERSION = YES;
				CLANG_WARN_INFINITE_RECURSION = YES;
				CLANG_WARN_INT_CONVERSION = YES;
				CLANG_WARN_NON_LITERAL_NULL_CONVERSION = YES;
				CLANG_WARN_OBJC_IMPLICIT_RETAIN_SELF = YES;
				CLANG_WARN_OBJC_LITERAL_CONVERSION = YES;
				CLANG_WARN_OBJC_ROOT_CLASS = YES_ERROR;
				CLANG_WARN_QUOTED_INCLUDE_IN_FRAMEWORK_HEADER = YES;
				CLANG_WARN_RANGE_LOOP_ANALYSIS = YES;
				CLANG_WARN_STRICT_PROTOTYPES = YES;
				CLANG_WARN_SUSPICIOUS_MOVE = YES;
				CLANG_WARN_UNGUARDED_AVAILABILITY = YES_AGGRESSIVE;
				CLANG_WARN_UNREACHABLE_CODE = YES;
				CLANG_WARN__DUPLICATE_METHOD_MATCH = YES;
				COPY_PHASE_STRIP = NO;
				DEBUG_INFORMATION_FORMAT = "dwarf-with-dsym";
				ENABLE_NS_ASSERTIONS = NO;
				ENABLE_STRICT_OBJC_MSGSEND = YES;
				ENABLE_USER_SCRIPT_SANDBOXING = YES;
				GCC_C_LANGUAGE_STANDARD = gnu17;
				GCC_NO_COMMON_BLOCKS = YES;
				GCC_WARN_64_TO_32_BIT_CONVERSION = YES;
				GCC_WARN_ABOUT_RETURN_TYPE = YES_ERROR;
				GCC_WARN_UNDECLARED_SELECTOR = YES;
				GCC_WARN_UNINITIALIZED_AUTOS = YES_AGGRESSIVE;
				GCC_WARN_UNUSED_FUNCTION = YES;
				GCC_WARN_UNUSED_VARIABLE = YES;
				IPHONEOS_DEPLOYMENT_TARGET = 17.0;
				LOCALIZATION_PREFERS_STRING_CATALOGS = YES;
				MTL_ENABLE_DEBUG_INFO = NO;
				MTL_FAST_MATH = YES;
				SDKROOT = iphoneos;
				SWIFT_COMPILATION_MODE = wholemodule;
				VALIDATE_PRODUCT = YES;
			};
			name = Release;
		};
		886BC3CC2B1E724800E95FBB /* Debug */ = {
			isa = XCBuildConfiguration;
			buildSettings = {
				ASSETCATALOG_COMPILER_APPICON_NAME = AppIcon;
				ASSETCATALOG_COMPILER_GLOBAL_ACCENT_COLOR_NAME = AccentColor;
				CODE_SIGN_STYLE = Automatic;
				CURRENT_PROJECT_VERSION = 1;
				DEVELOPMENT_ASSET_PATHS = "\"QuotableApp/Preview Content\"";
				ENABLE_PREVIEWS = YES;
				GENERATE_INFOPLIST_FILE = YES;
				INFOPLIST_KEY_UIApplicationSceneManifest_Generation = YES;
				INFOPLIST_KEY_UIApplicationSupportsIndirectInputEvents = YES;
				INFOPLIST_KEY_UILaunchScreen_Generation = YES;
				INFOPLIST_KEY_UISupportedInterfaceOrientations_iPad = "UIInterfaceOrientationPortrait UIInterfaceOrientationPortraitUpsideDown UIInterfaceOrientationLandscapeLeft UIInterfaceOrientationLandscapeRight";
				INFOPLIST_KEY_UISupportedInterfaceOrientations_iPhone = "UIInterfaceOrientationPortrait UIInterfaceOrientationLandscapeLeft UIInterfaceOrientationLandscapeRight";
				LD_RUNPATH_SEARCH_PATHS = (
					"$(inherited)",
					"@executable_path/Frameworks",
				);
				MARKETING_VERSION = 1.0;
				PRODUCT_BUNDLE_IDENTIFIER = martinoli.QuotableApp;
				PRODUCT_NAME = "$(TARGET_NAME)";
				SWIFT_EMIT_LOC_STRINGS = YES;
				SWIFT_VERSION = 5.0;
				TARGETED_DEVICE_FAMILY = "1,2";
			};
			name = Debug;
		};
		886BC3CD2B1E724800E95FBB /* Release */ = {
			isa = XCBuildConfiguration;
			buildSettings = {
				ASSETCATALOG_COMPILER_APPICON_NAME = AppIcon;
				ASSETCATALOG_COMPILER_GLOBAL_ACCENT_COLOR_NAME = AccentColor;
				CODE_SIGN_STYLE = Automatic;
				CURRENT_PROJECT_VERSION = 1;
				DEVELOPMENT_ASSET_PATHS = "\"QuotableApp/Preview Content\"";
				ENABLE_PREVIEWS = YES;
				GENERATE_INFOPLIST_FILE = YES;
				INFOPLIST_KEY_UIApplicationSceneManifest_Generation = YES;
				INFOPLIST_KEY_UIApplicationSupportsIndirectInputEvents = YES;
				INFOPLIST_KEY_UILaunchScreen_Generation = YES;
				INFOPLIST_KEY_UISupportedInterfaceOrientations_iPad = "UIInterfaceOrientationPortrait UIInterfaceOrientationPortraitUpsideDown UIInterfaceOrientationLandscapeLeft UIInterfaceOrientationLandscapeRight";
				INFOPLIST_KEY_UISupportedInterfaceOrientations_iPhone = "UIInterfaceOrientationPortrait UIInterfaceOrientationLandscapeLeft UIInterfaceOrientationLandscapeRight";
				LD_RUNPATH_SEARCH_PATHS = (
					"$(inherited)",
					"@executable_path/Frameworks",
				);
				MARKETING_VERSION = 1.0;
				PRODUCT_BUNDLE_IDENTIFIER = martinoli.QuotableApp;
				PRODUCT_NAME = "$(TARGET_NAME)";
				SWIFT_EMIT_LOC_STRINGS = YES;
				SWIFT_VERSION = 5.0;
				TARGETED_DEVICE_FAMILY = "1,2";
			};
			name = Release;
		};
		886BC3CF2B1E724800E95FBB /* Debug */ = {
			isa = XCBuildConfiguration;
			buildSettings = {
				ALWAYS_EMBED_SWIFT_STANDARD_LIBRARIES = YES;
				BUNDLE_LOADER = "$(TEST_HOST)";
				CODE_SIGN_STYLE = Automatic;
				CURRENT_PROJECT_VERSION = 1;
				GENERATE_INFOPLIST_FILE = YES;
				IPHONEOS_DEPLOYMENT_TARGET = 17.0;
				MARKETING_VERSION = 1.0;
				PRODUCT_BUNDLE_IDENTIFIER = martinoli.QuotableAppTests;
				PRODUCT_NAME = "$(TARGET_NAME)";
				SWIFT_EMIT_LOC_STRINGS = NO;
				SWIFT_VERSION = 5.0;
				TARGETED_DEVICE_FAMILY = "1,2";
				TEST_HOST = "$(BUILT_PRODUCTS_DIR)/QuotableApp.app/$(BUNDLE_EXECUTABLE_FOLDER_PATH)/QuotableApp";
			};
			name = Debug;
		};
		886BC3D02B1E724800E95FBB /* Release */ = {
			isa = XCBuildConfiguration;
			buildSettings = {
				ALWAYS_EMBED_SWIFT_STANDARD_LIBRARIES = YES;
				BUNDLE_LOADER = "$(TEST_HOST)";
				CODE_SIGN_STYLE = Automatic;
				CURRENT_PROJECT_VERSION = 1;
				GENERATE_INFOPLIST_FILE = YES;
				IPHONEOS_DEPLOYMENT_TARGET = 17.0;
				MARKETING_VERSION = 1.0;
				PRODUCT_BUNDLE_IDENTIFIER = martinoli.QuotableAppTests;
				PRODUCT_NAME = "$(TARGET_NAME)";
				SWIFT_EMIT_LOC_STRINGS = NO;
				SWIFT_VERSION = 5.0;
				TARGETED_DEVICE_FAMILY = "1,2";
				TEST_HOST = "$(BUILT_PRODUCTS_DIR)/QuotableApp.app/$(BUNDLE_EXECUTABLE_FOLDER_PATH)/QuotableApp";
			};
			name = Release;
		};
		886BC3D22B1E724800E95FBB /* Debug */ = {
			isa = XCBuildConfiguration;
			buildSettings = {
				ALWAYS_EMBED_SWIFT_STANDARD_LIBRARIES = YES;
				CODE_SIGN_STYLE = Automatic;
				CURRENT_PROJECT_VERSION = 1;
				GENERATE_INFOPLIST_FILE = YES;
				MARKETING_VERSION = 1.0;
				PRODUCT_BUNDLE_IDENTIFIER = martinoli.QuotableAppUITests;
				PRODUCT_NAME = "$(TARGET_NAME)";
				SWIFT_EMIT_LOC_STRINGS = NO;
				SWIFT_VERSION = 5.0;
				TARGETED_DEVICE_FAMILY = "1,2";
				TEST_TARGET_NAME = QuotableApp;
			};
			name = Debug;
		};
		886BC3D32B1E724800E95FBB /* Release */ = {
			isa = XCBuildConfiguration;
			buildSettings = {
				ALWAYS_EMBED_SWIFT_STANDARD_LIBRARIES = YES;
				CODE_SIGN_STYLE = Automatic;
				CURRENT_PROJECT_VERSION = 1;
				GENERATE_INFOPLIST_FILE = YES;
				MARKETING_VERSION = 1.0;
				PRODUCT_BUNDLE_IDENTIFIER = martinoli.QuotableAppUITests;
				PRODUCT_NAME = "$(TARGET_NAME)";
				SWIFT_EMIT_LOC_STRINGS = NO;
				SWIFT_VERSION = 5.0;
				TARGETED_DEVICE_FAMILY = "1,2";
				TEST_TARGET_NAME = QuotableApp;
			};
			name = Release;
		};
/* End XCBuildConfiguration section */

/* Begin XCConfigurationList section */
		886BC3A22B1E724600E95FBB /* Build configuration list for PBXProject "QuotableApp" */ = {
			isa = XCConfigurationList;
			buildConfigurations = (
				886BC3C92B1E724800E95FBB /* Debug */,
				886BC3CA2B1E724800E95FBB /* Release */,
			);
			defaultConfigurationIsVisible = 0;
			defaultConfigurationName = Release;
		};
		886BC3CB2B1E724800E95FBB /* Build configuration list for PBXNativeTarget "QuotableApp" */ = {
			isa = XCConfigurationList;
			buildConfigurations = (
				886BC3CC2B1E724800E95FBB /* Debug */,
				886BC3CD2B1E724800E95FBB /* Release */,
			);
			defaultConfigurationIsVisible = 0;
			defaultConfigurationName = Release;
		};
		886BC3CE2B1E724800E95FBB /* Build configuration list for PBXNativeTarget "QuotableAppTests" */ = {
			isa = XCConfigurationList;
			buildConfigurations = (
				886BC3CF2B1E724800E95FBB /* Debug */,
				886BC3D02B1E724800E95FBB /* Release */,
			);
			defaultConfigurationIsVisible = 0;
			defaultConfigurationName = Release;
		};
		886BC3D12B1E724800E95FBB /* Build configuration list for PBXNativeTarget "QuotableAppUITests" */ = {
			isa = XCConfigurationList;
			buildConfigurations = (
				886BC3D22B1E724800E95FBB /* Debug */,
				886BC3D32B1E724800E95FBB /* Release */,
			);
			defaultConfigurationIsVisible = 0;
			defaultConfigurationName = Release;
		};
/* End XCConfigurationList section */

/* Begin XCRemoteSwiftPackageReference section */
		88DD046B2B1E8287000CC257 /* XCRemoteSwiftPackageReference "Alamofire" */ = {
			isa = XCRemoteSwiftPackageReference;
			repositoryURL = "https://github.com/Alamofire/Alamofire.git";
			requirement = {
				kind = upToNextMajorVersion;
				minimumVersion = 5.8.1;
			};
		};
/* End XCRemoteSwiftPackageReference section */

/* Begin XCSwiftPackageProductDependency section */
		88DD046C2B1E8287000CC257 /* Alamofire */ = {
			isa = XCSwiftPackageProductDependency;
			package = 88DD046B2B1E8287000CC257 /* XCRemoteSwiftPackageReference "Alamofire" */;
			productName = Alamofire;
		};
/* End XCSwiftPackageProductDependency section */
	};
	rootObject = 886BC39F2B1E724600E95FBB /* Project object */;
}
